
Microsoft Visual Studio Solution File, Format Version 12.00
# Visual Studio Version 17
VisualStudioVersion = 17.11.35312.102
MinimumVisualStudioVersion = 10.0.40219.1
Project("{FAE04EC0-301F-11D3-BF4B-00C04F79EFBC}") = "WebApplication1", "WebApplication1\WebApplication1.csproj", "{7C200356-F717-4DE2-BB89-68B95B8600D1}"
EndProject
Global
	GlobalSection(SolutionConfigurationPlatforms) = preSolution
		Debug|Any CPU = Debug|Any CPU
		Release|Any CPU = Release|Any CPU
	EndGlobalSection
	GlobalSection(ProjectConfigurationPlatforms) = postSolution
		{7C200356-F717-4DE2-BB89-68B95B8600D1}.Debug|Any CPU.ActiveCfg = Debug|Any CPU
		{7C200356-F717-4DE2-BB89-68B95B8600D1}.Debug|Any CPU.Build.0 = Debug|Any CPU
		{7C200356-F717-4DE2-BB89-68B95B8600D1}.Release|Any CPU.ActiveCfg = Release|Any CPU
		{7C200356-F717-4DE2-BB89-68B95B8600D1}.Release|Any CPU.Build.0 = Release|Any CPU
	EndGlobalSection
	GlobalSection(SolutionProperties) = preSolution
		HideSolutionNode = FALSE
	EndGlobalSection
	GlobalSection(ExtensibilityGlobals) = postSolution
		SolutionGuid = {5CB26B4E-C450-41DD-90F8-BD4765B45D12}
	EndGlobalSection
EndGlobal
